// !$*UTF8*$!
{
	archiveVersion = 1;
	classes = {
	};
	objectVersion = 46;
	objects = {

/* Begin PBXBuildFile section */
		4128F6751F0C14DD00AAB0DB /* AppDelegate.swift in Sources */ = {isa = PBXBuildFile; fileRef = 4128F6741F0C14DD00AAB0DB /* AppDelegate.swift */; };
		4128F6771F0C14DD00AAB0DB /* ViewController.swift in Sources */ = {isa = PBXBuildFile; fileRef = 4128F6761F0C14DD00AAB0DB /* ViewController.swift */; };
		4128F67A1F0C14DD00AAB0DB /* Main.storyboard in Resources */ = {isa = PBXBuildFile; fileRef = 4128F6781F0C14DD00AAB0DB /* Main.storyboard */; };
		4128F67C1F0C14DD00AAB0DB /* Assets.xcassets in Resources */ = {isa = PBXBuildFile; fileRef = 4128F67B1F0C14DD00AAB0DB /* Assets.xcassets */; };
		4128F67F1F0C14DD00AAB0DB /* LaunchScreen.storyboard in Resources */ = {isa = PBXBuildFile; fileRef = 4128F67D1F0C14DD00AAB0DB /* LaunchScreen.storyboard */; };
		4128F6871F0C169100AAB0DB /* pokemon.csv in Resources */ = {isa = PBXBuildFile; fileRef = 4128F6861F0C169100AAB0DB /* pokemon.csv */; };
		4128F68C1F0C185C00AAB0DB /* Pokemon.swift in Sources */ = {isa = PBXBuildFile; fileRef = 4128F68B1F0C185C00AAB0DB /* Pokemon.swift */; };
		4128F68F1F0C1DA300AAB0DB /* PokeCollectionViewCell.swift in Sources */ = {isa = PBXBuildFile; fileRef = 4128F68E1F0C1DA300AAB0DB /* PokeCollectionViewCell.swift */; };
		4128F6911F0C233000AAB0DB /* csv.swift in Sources */ = {isa = PBXBuildFile; fileRef = 4128F6901F0C233000AAB0DB /* csv.swift */; };
		4128F6931F0C27B300AAB0DB /* pokemon.ttf in Resources */ = {isa = PBXBuildFile; fileRef = 4128F6921F0C27B300AAB0DB /* pokemon.ttf */; };
		4128F6981F0C28B300AAB0DB /* music.png in Resources */ = {isa = PBXBuildFile; fileRef = 4128F6971F0C28B300AAB0DB /* music.png */; };
		4128F69A1F0C28F400AAB0DB /* music.mp3 in Resources */ = {isa = PBXBuildFile; fileRef = 4128F6991F0C28F400AAB0DB /* music.mp3 */; };
		4128F69E1F0C34F400AAB0DB /* PokemonDetailViewController.swift in Sources */ = {isa = PBXBuildFile; fileRef = 4128F69D1F0C34F400AAB0DB /* PokemonDetailViewController.swift */; };
/* End PBXBuildFile section */

/* Begin PBXFileReference section */
		4128F6711F0C14DD00AAB0DB /* jPokedex.app */ = {isa = PBXFileReference; explicitFileType = wrapper.application; includeInIndex = 0; path = jPokedex.app; sourceTree = BUILT_PRODUCTS_DIR; };
		4128F6741F0C14DD00AAB0DB /* AppDelegate.swift */ = {isa = PBXFileReference; lastKnownFileType = sourcecode.swift; path = AppDelegate.swift; sourceTree = "<group>"; };
		4128F6761F0C14DD00AAB0DB /* ViewController.swift */ = {isa = PBXFileReference; lastKnownFileType = sourcecode.swift; path = ViewController.swift; sourceTree = "<group>"; };
		4128F6791F0C14DD00AAB0DB /* Base */ = {isa = PBXFileReference; lastKnownFileType = file.storyboard; name = Base; path = Base.lproj/Main.storyboard; sourceTree = "<group>"; };
		4128F67B1F0C14DD00AAB0DB /* Assets.xcassets */ = {isa = PBXFileReference; lastKnownFileType = folder.assetcatalog; path = Assets.xcassets; sourceTree = "<group>"; };
		4128F67E1F0C14DD00AAB0DB /* Base */ = {isa = PBXFileReference; lastKnownFileType = file.storyboard; name = Base; path = Base.lproj/LaunchScreen.storyboard; sourceTree = "<group>"; };
		4128F6801F0C14DD00AAB0DB /* Info.plist */ = {isa = PBXFileReference; lastKnownFileType = text.plist.xml; path = Info.plist; sourceTree = "<group>"; };
		4128F6861F0C169100AAB0DB /* pokemon.csv */ = {isa = PBXFileReference; fileEncoding = 4; lastKnownFileType = text; path = pokemon.csv; sourceTree = "<group>"; };
		4128F68B1F0C185C00AAB0DB /* Pokemon.swift */ = {isa = PBXFileReference; fileEncoding = 4; lastKnownFileType = sourcecode.swift; path = Pokemon.swift; sourceTree = "<group>"; };
		4128F68E1F0C1DA300AAB0DB /* PokeCollectionViewCell.swift */ = {isa = PBXFileReference; fileEncoding = 4; lastKnownFileType = sourcecode.swift; path = PokeCollectionViewCell.swift; sourceTree = "<group>"; };
		4128F6901F0C233000AAB0DB /* csv.swift */ = {isa = PBXFileReference; fileEncoding = 4; lastKnownFileType = sourcecode.swift; path = csv.swift; sourceTree = "<group>"; };
		4128F6921F0C27B300AAB0DB /* pokemon.ttf */ = {isa = PBXFileReference; lastKnownFileType = file; path = pokemon.ttf; sourceTree = "<group>"; };
		4128F6971F0C28B300AAB0DB /* music.png */ = {isa = PBXFileReference; lastKnownFileType = image.png; path = music.png; sourceTree = "<group>"; };
		4128F6991F0C28F400AAB0DB /* music.mp3 */ = {isa = PBXFileReference; lastKnownFileType = audio.mp3; path = music.mp3; sourceTree = "<group>"; };
		4128F69B1F0C2D2700AAB0DB /* README.md */ = {isa = PBXFileReference; fileEncoding = 4; lastKnownFileType = net.daringfireball.markdown; path = README.md; sourceTree = "<group>"; };
		4128F69D1F0C34F400AAB0DB /* PokemonDetailViewController.swift */ = {isa = PBXFileReference; fileEncoding = 4; lastKnownFileType = sourcecode.swift; path = PokemonDetailViewController.swift; sourceTree = "<group>"; };
/* End PBXFileReference section */

/* Begin PBXFrameworksBuildPhase section */
		4128F66E1F0C14DD00AAB0DB /* Frameworks */ = {
			isa = PBXFrameworksBuildPhase;
			buildActionMask = 2147483647;
			files = (
			);
			runOnlyForDeploymentPostprocessing = 0;
		};
/* End PBXFrameworksBuildPhase section */

/* Begin PBXGroup section */
		4128F6681F0C14DD00AAB0DB = {
			isa = PBXGroup;
			children = (
				4128F69B1F0C2D2700AAB0DB /* README.md */,
				4128F6731F0C14DD00AAB0DB /* jPokedex */,
				4128F6721F0C14DD00AAB0DB /* Products */,
			);
			sourceTree = "<group>";
		};
		4128F6721F0C14DD00AAB0DB /* Products */ = {
			isa = PBXGroup;
			children = (
				4128F6711F0C14DD00AAB0DB /* jPokedex.app */,
			);
			name = Products;
			sourceTree = "<group>";
		};
		4128F6731F0C14DD00AAB0DB /* jPokedex */ = {
			isa = PBXGroup;
			children = (
				4128F6961F0C27D700AAB0DB /* Utilities */,
				4128F6951F0C27CC00AAB0DB /* Resources */,
				4128F6941F0C27C000AAB0DB /* Controller */,
				4128F68D1F0C1D8500AAB0DB /* View */,
				4128F68A1F0C184A00AAB0DB /* Model */,
				4128F6741F0C14DD00AAB0DB /* AppDelegate.swift */,
				4128F6781F0C14DD00AAB0DB /* Main.storyboard */,
				4128F67B1F0C14DD00AAB0DB /* Assets.xcassets */,
				4128F67D1F0C14DD00AAB0DB /* LaunchScreen.storyboard */,
				4128F6801F0C14DD00AAB0DB /* Info.plist */,
			);
			path = jPokedex;
			sourceTree = "<group>";
		};
		4128F68A1F0C184A00AAB0DB /* Model */ = {
			isa = PBXGroup;
			children = (
				4128F68B1F0C185C00AAB0DB /* Pokemon.swift */,
			);
			name = Model;
			sourceTree = "<group>";
		};
		4128F68D1F0C1D8500AAB0DB /* View */ = {
			isa = PBXGroup;
			children = (
				4128F68E1F0C1DA300AAB0DB /* PokeCollectionViewCell.swift */,
			);
			name = View;
			sourceTree = "<group>";
		};
		4128F6941F0C27C000AAB0DB /* Controller */ = {
			isa = PBXGroup;
			children = (
				4128F6761F0C14DD00AAB0DB /* ViewController.swift */,
				4128F69D1F0C34F400AAB0DB /* PokemonDetailViewController.swift */,
			);
			name = Controller;
			sourceTree = "<group>";
		};
		4128F6951F0C27CC00AAB0DB /* Resources */ = {
			isa = PBXGroup;
			children = (
				4128F6971F0C28B300AAB0DB /* music.png */,
				4128F6921F0C27B300AAB0DB /* pokemon.ttf */,
				4128F6991F0C28F400AAB0DB /* music.mp3 */,
				4128F6861F0C169100AAB0DB /* pokemon.csv */,
			);
			name = Resources;
			sourceTree = "<group>";
		};
		4128F6961F0C27D700AAB0DB /* Utilities */ = {
			isa = PBXGroup;
			children = (
				4128F6901F0C233000AAB0DB /* csv.swift */,
			);
			name = Utilities;
			sourceTree = "<group>";
		};
/* End PBXGroup section */

/* Begin PBXNativeTarget section */
		4128F6701F0C14DD00AAB0DB /* jPokedex */ = {
			isa = PBXNativeTarget;
			buildConfigurationList = 4128F6831F0C14DD00AAB0DB /* Build configuration list for PBXNativeTarget "jPokedex" */;
			buildPhases = (
				4128F66D1F0C14DD00AAB0DB /* Sources */,
				4128F66E1F0C14DD00AAB0DB /* Frameworks */,
				4128F66F1F0C14DD00AAB0DB /* Resources */,
			);
			buildRules = (
			);
			dependencies = (
			);
			name = jPokedex;
			productName = jPokedex;
			productReference = 4128F6711F0C14DD00AAB0DB /* jPokedex.app */;
			productType = "com.apple.product-type.application";
		};
/* End PBXNativeTarget section */

/* Begin PBXProject section */
		4128F6691F0C14DD00AAB0DB /* Project object */ = {
			isa = PBXProject;
			attributes = {
				LastSwiftUpdateCheck = 0830;
				LastUpgradeCheck = 0830;
				ORGANIZATIONNAME = "Jeane Carlos";
				TargetAttributes = {
					4128F6701F0C14DD00AAB0DB = {
						CreatedOnToolsVersion = 8.3.3;
						DevelopmentTeam = 3NQC4C76KE;
						LastSwiftMigration = 0830;
						ProvisioningStyle = Automatic;
					};
				};
			};
			buildConfigurationList = 4128F66C1F0C14DD00AAB0DB /* Build configuration list for PBXProject "jPokedex" */;
			compatibilityVersion = "Xcode 3.2";
			developmentRegion = English;
			hasScannedForEncodings = 0;
			knownRegions = (
				en,
				Base,
			);
			mainGroup = 4128F6681F0C14DD00AAB0DB;
			productRefGroup = 4128F6721F0C14DD00AAB0DB /* Products */;
			projectDirPath = "";
			projectRoot = "";
			targets = (
				4128F6701F0C14DD00AAB0DB /* jPokedex */,
			);
		};
/* End PBXProject section */

/* Begin PBXResourcesBuildPhase section */
		4128F66F1F0C14DD00AAB0DB /* Resources */ = {
			isa = PBXResourcesBuildPhase;
			buildActionMask = 2147483647;
			files = (
				4128F6931F0C27B300AAB0DB /* pokemon.ttf in Resources */,
				4128F67F1F0C14DD00AAB0DB /* LaunchScreen.storyboard in Resources */,
				4128F67C1F0C14DD00AAB0DB /* Assets.xcassets in Resources */,
				4128F6871F0C169100AAB0DB /* pokemon.csv in Resources */,
				4128F67A1F0C14DD00AAB0DB /* Main.storyboard in Resources */,
				4128F69A1F0C28F400AAB0DB /* music.mp3 in Resources */,
				4128F6981F0C28B300AAB0DB /* music.png in Resources */,
			);
			runOnlyForDeploymentPostprocessing = 0;
		};
/* End PBXResourcesBuildPhase section */

/* Begin PBXSourcesBuildPhase section */
		4128F66D1F0C14DD00AAB0DB /* Sources */ = {
			isa = PBXSourcesBuildPhase;
			buildActionMask = 2147483647;
			files = (
				4128F6771F0C14DD00AAB0DB /* ViewController.swift in Sources */,
				4128F68F1F0C1DA300AAB0DB /* PokeCollectionViewCell.swift in Sources */,
				4128F6751F0C14DD00AAB0DB /* AppDelegate.swift in Sources */,
				4128F68C1F0C185C00AAB0DB /* Pokemon.swift in Sources */,
				4128F6911F0C233000AAB0DB /* csv.swift in Sources */,
				4128F69E1F0C34F400AAB0DB /* PokemonDetailViewController.swift in Sources */,
			);
			runOnlyForDeploymentPostprocessing = 0;
		};
/* End PBXSourcesBuildPhase section */

/* Begin PBXVariantGroup section */
		4128F6781F0C14DD00AAB0DB /* Main.storyboard */ = {
			isa = PBXVariantGroup;
			children = (
				4128F6791F0C14DD00AAB0DB /* Base */,
			);
			name = Main.storyboard;
			sourceTree = "<group>";
		};
		4128F67D1F0C14DD00AAB0DB /* LaunchScreen.storyboard */ = {
			isa = PBXVariantGroup;
			children = (
				4128F67E1F0C14DD00AAB0DB /* Base */,
			);
			name = LaunchScreen.storyboard;
			sourceTree = "<group>";
		};
/* End PBXVariantGroup section */

/* Begin XCBuildConfiguration section */
		4128F6811F0C14DD00AAB0DB /* Debug */ = {
			isa = XCBuildConfiguration;
			buildSettings = {
				ALWAYS_SEARCH_USER_PATHS = NO;
				CLANG_ANALYZER_NONNULL = YES;
				CLANG_ANALYZER_NUMBER_OBJECT_CONVERSION = YES_AGGRESSIVE;
				CLANG_CXX_LANGUAGE_STANDARD = "gnu++0x";
				CLANG_CXX_LIBRARY = "libc++";
				CLANG_ENABLE_MODULES = YES;
				CLANG_ENABLE_OBJC_ARC = YES;
				CLANG_WARN_BOOL_CONVERSION = YES;
				CLANG_WARN_CONSTANT_CONVERSION = YES;
				CLANG_WARN_DIRECT_OBJC_ISA_USAGE = YES_ERROR;
				CLANG_WARN_DOCUMENTATION_COMMENTS = YES;
				CLANG_WARN_EMPTY_BODY = YES;
				CLANG_WARN_ENUM_CONVERSION = YES;
				CLANG_WARN_INFINITE_RECURSION = YES;
				CLANG_WARN_INT_CONVERSION = YES;
				CLANG_WARN_OBJC_ROOT_CLASS = YES_ERROR;
				CLANG_WARN_SUSPICIOUS_MOVE = YES;
				CLANG_WARN_UNREACHABLE_CODE = YES;
				CLANG_WARN__DUPLICATE_METHOD_MATCH = YES;
				"CODE_SIGN_IDENTITY[sdk=iphoneos*]" = "iPhone Developer";
				COPY_PHASE_STRIP = NO;
				DEBUG_INFORMATION_FORMAT = dwarf;
				ENABLE_STRICT_OBJC_MSGSEND = YES;
				ENABLE_TESTABILITY = YES;
				GCC_C_LANGUAGE_STANDARD = gnu99;
				GCC_DYNAMIC_NO_PIC = NO;
				GCC_NO_COMMON_BLOCKS = YES;
				GCC_OPTIMIZATION_LEVEL = 0;
				GCC_PREPROCESSOR_DEFINITIONS = (
					"DEBUG=1",
					"$(inherited)",
				);
				GCC_WARN_64_TO_32_BIT_CONVERSION = YES;
				GCC_WARN_ABOUT_RETURN_TYPE = YES_ERROR;
				GCC_WARN_UNDECLARED_SELECTOR = YES;
				GCC_WARN_UNINITIALIZED_AUTOS = YES_AGGRESSIVE;
				GCC_WARN_UNUSED_FUNCTION = YES;
				GCC_WARN_UNUSED_VARIABLE = YES;
				IPHONEOS_DEPLOYMENT_TARGET = 10.3;
				MTL_ENABLE_DEBUG_INFO = YES;
				ONLY_ACTIVE_ARCH = YES;
				SDKROOT = iphoneos;
				SWIFT_ACTIVE_COMPILATION_CONDITIONS = DEBUG;
				SWIFT_OPTIMIZATION_LEVEL = "-Onone";
				TARGETED_DEVICE_FAMILY = "1,2";
			};
			name = Debug;
		};
		4128F6821F0C14DD00AAB0DB /* Release */ = {
			isa = XCBuildConfiguration;
			buildSettings = {
				ALWAYS_SEARCH_USER_PATHS = NO;
				CLANG_ANALYZER_NONNULL = YES;
				CLANG_ANALYZER_NUMBER_OBJECT_CONVERSION = YES_AGGRESSIVE;
				CLANG_CXX_LANGUAGE_STANDARD = "gnu++0x";
				CLANG_CXX_LIBRARY = "libc++";
				CLANG_ENABLE_MODULES = YES;
				CLANG_ENABLE_OBJC_ARC = YES;
				CLANG_WARN_BOOL_CONVERSION = YES;
				CLANG_WARN_CONSTANT_CONVERSION = YES;
				CLANG_WARN_DIRECT_OBJC_ISA_USAGE = YES_ERROR;
				CLANG_WARN_DOCUMENTATION_COMMENTS = YES;
				CLANG_WARN_EMPTY_BODY = YES;
				CLANG_WARN_ENUM_CONVERSION = YES;
				CLANG_WARN_INFINITE_RECURSION = YES;
				CLANG_WARN_INT_CONVERSION = YES;
				CLANG_WARN_OBJC_ROOT_CLASS = YES_ERROR;
				CLANG_WARN_SUSPICIOUS_MOVE = YES;
				CLANG_WARN_UNREACHABLE_CODE = YES;
				CLANG_WARN__DUPLICATE_METHOD_MATCH = YES;
				"CODE_SIGN_IDENTITY[sdk=iphoneos*]" = "iPhone Developer";
				COPY_PHASE_STRIP = NO;
				DEBUG_INFORMATION_FORMAT = "dwarf-with-dsym";
				ENABLE_NS_ASSERTIONS = NO;
				ENABLE_STRICT_OBJC_MSGSEND = YES;
				GCC_C_LANGUAGE_STANDARD = gnu99;
				GCC_NO_COMMON_BLOCKS = YES;
				GCC_WARN_64_TO_32_BIT_CONVERSION = YES;
				GCC_WARN_ABOUT_RETURN_TYPE = YES_ERROR;
				GCC_WARN_UNDECLARED_SELECTOR = YES;
				GCC_WARN_UNINITIALIZED_AUTOS = YES_AGGRESSIVE;
				GCC_WARN_UNUSED_FUNCTION = YES;
				GCC_WARN_UNUSED_VARIABLE = YES;
				IPHONEOS_DEPLOYMENT_TARGET = 10.3;
				MTL_ENABLE_DEBUG_INFO = NO;
				SDKROOT = iphoneos;
				SWIFT_OPTIMIZATION_LEVEL = "-Owholemodule";
				TARGETED_DEVICE_FAMILY = "1,2";
				VALIDATE_PRODUCT = YES;
			};
			name = Release;
		};
		4128F6841F0C14DD00AAB0DB /* Debug */ = {
			isa = XCBuildConfiguration;
			buildSettings = {
				ASSETCATALOG_COMPILER_APPICON_NAME = AppIcon;
				DEVELOPMENT_TEAM = 3NQC4C76KE;
				INFOPLIST_FILE = jPokedex/Info.plist;
				LD_RUNPATH_SEARCH_PATHS = "$(inherited) @executable_path/Frameworks";
				PRODUCT_BUNDLE_IDENTIFIER = jc.jPokedex;
				PRODUCT_NAME = "$(TARGET_NAME)";
				SWIFT_VERSION = 3.0;
			};
			name = Debug;
		};
		4128F6851F0C14DD00AAB0DB /* Release */ = {
			isa = XCBuildConfiguration;
			buildSettings = {
				ASSETCATALOG_COMPILER_APPICON_NAME = AppIcon;
				DEVELOPMENT_TEAM = 3NQC4C76KE;
				INFOPLIST_FILE = jPokedex/Info.plist;
				LD_RUNPATH_SEARCH_PATHS = "$(inherited) @executable_path/Frameworks";
				PRODUCT_BUNDLE_IDENTIFIER = jc.jPokedex;
				PRODUCT_NAME = "$(TARGET_NAME)";
				SWIFT_VERSION = 3.0;
			};
			name = Release;
		};
/* End XCBuildConfiguration section */

/* Begin XCConfigurationList section */
		4128F66C1F0C14DD00AAB0DB /* Build configuration list for PBXProject "jPokedex" */ = {
			isa = XCConfigurationList;
			buildConfigurations = (
				4128F6811F0C14DD00AAB0DB /* Debug */,
				4128F6821F0C14DD00AAB0DB /* Release */,
			);
			defaultConfigurationIsVisible = 0;
			defaultConfigurationName = Release;
		};
		4128F6831F0C14DD00AAB0DB /* Build configuration list for PBXNativeTarget "jPokedex" */ = {
			isa = XCConfigurationList;
			buildConfigurations = (
				4128F6841F0C14DD00AAB0DB /* Debug */,
				4128F6851F0C14DD00AAB0DB /* Release */,
			);
			defaultConfigurationIsVisible = 0;
			defaultConfigurationName = Release;
		};
/* End XCConfigurationList section */
	};
	rootObject = 4128F6691F0C14DD00AAB0DB /* Project object */;
}
